PODS:
  - FingerprintJS (1.5.0):
    - FingerprintJS/Core (= 1.5.0)
  - FingerprintJS/Core (1.5.0):
    - FingerprintJS/SystemControl
  - FingerprintJS/SystemControl (1.5.0)
  - Flutter (1.0.0)
  - lottie-ios (4.5.1)
  - smile_id (10.5.0):
    - Flutter
    - SmileID (= 10.5.0)
  - SmileID (10.5.0):
    - FingerprintJS
    - lottie-ios (~> 4.5.0)
    - ZIPFoundation (~> 0.9)
  - ZIPFoundation (0.9.19)

DEPENDENCIES:
  - Flutter (from `Flutter`)
  - smile_id (from `.symlinks/plugins/smile_id/ios`)

SPEC REPOS:
  trunk:
    - FingerprintJS
    - lottie-ios
    - SmileID
    - ZIPFoundation

EXTERNAL SOURCES:
  Flutter:
    :path: Flutter
  smile_id:
    :path: ".symlinks/plugins/smile_id/ios"

SPEC CHECKSUMS:
  FingerprintJS: 96410117a394cca04d0f1e2374944c8697f2cceb
  Flutter: e0871f40cf51350855a761d2e70bf5af5b9b5de7
  lottie-ios: 248b380fa1b97d18e792c37d90da7ab2aa0d6562
  smile_id: f8be3ddf99fd3c82d5d559a36a2fdad01bb72462
  SmileID: eab70b212dcc89e5614035e1746016db172c8f50
  ZIPFoundation: b8c29ea7ae353b309bc810586181fd073cb3312c

PODFILE CHECKSUM: 929954fb8941cef06249e96bd1516fd2a22ed7a5

COCOAPODS: 1.16.2
