PODS:
  - Flutter (1.0.0)
  - integration_test (0.0.1):
    - Flutter
  - smile_id_flutter (10.0.0-beta03):
    - Flutter
    - SmileID (= 10.0.0-beta03)
  - SmileID (10.0.0-beta03):
    - Zip (~> 2.1.0)
  - Zip (2.1.2)

DEPENDENCIES:
  - Flutter (from `Flutter`)
  - integration_test (from `.symlinks/plugins/integration_test/ios`)
  - smile_id_flutter (from `.symlinks/plugins/smile_id_flutter/ios`)

SPEC REPOS:
  trunk:
    - SmileID
    - Zip

EXTERNAL SOURCES:
  Flutter:
    :path: Flutter
  integration_test:
    :path: ".symlinks/plugins/integration_test/ios"
  smile_id_flutter:
    :path: ".symlinks/plugins/smile_id_flutter/ios"

SPEC CHECKSUMS:
  Flutter: f04841e97a9d0b0a8025694d0796dd46242b2854
  integration_test: 13825b8a9334a850581300559b8839134b124670
  smile_id_flutter: 176c3206f1c27a723f609fde4daa64922700c3a9
  SmileID: d6d15f585fa116de5e24ce8d38638acedc110f20
  Zip: b3fef584b147b6e582b2256a9815c897d60ddc67

PODFILE CHECKSUM: a57f30d18f102dd3ce366b1d62a55ecbef2158e5

COCOAPODS: 1.12.1
